
Microsoft Visual Studio Solution File, Format Version 12.00
# Visual Studio Version 16
VisualStudioVersion = 16.0.30413.136
MinimumVisualStudioVersion = 10.0.40219.1
Project("{FAE04EC0-301F-11D3-BF4B-00C04F79EFBC}") = "Lecture9", "Lecture9\Lecture9.csproj", "{0BD3A927-7E70-4267-B6CC-5F823CD9F441}"
EndProject
Global
	GlobalSection(SolutionConfigurationPlatforms) = preSolution
		Debug|Any CPU = Debug|Any CPU
		Release|Any CPU = Release|Any CPU
	EndGlobalSection
	GlobalSection(ProjectConfigurationPlatforms) = postSolution
		{0BD3A927-7E70-4267-B6CC-5F823CD9F441}.Debug|Any CPU.ActiveCfg = Debug|Any CPU
		{0BD3A927-7E70-4267-B6CC-5F823CD9F441}.Debug|Any CPU.Build.0 = Debug|Any CPU
		{0BD3A927-7E70-4267-B6CC-5F823CD9F441}.Release|Any CPU.ActiveCfg = Release|Any CPU
		{0BD3A927-7E70-4267-B6CC-5F823CD9F441}.Release|Any CPU.Build.0 = Release|Any CPU
	EndGlobalSection
	GlobalSection(SolutionProperties) = preSolution
		HideSolutionNode = FALSE
	EndGlobalSection
	GlobalSection(ExtensibilityGlobals) = postSolution
		SolutionGuid = {B4A8A55B-3547-447C-BA95-EE54B0075133}
	EndGlobalSection
EndGlobal
