
Microsoft Visual Studio Solution File, Format Version 12.00
# Visual Studio Version 16
VisualStudioVersion = 16.0.31112.23
MinimumVisualStudioVersion = 10.0.40219.1
Project("{FAE04EC0-301F-11D3-BF4B-00C04F79EFBC}") = "68OData", "68OData\68OData.csproj", "{C9197E26-D9C2-4850-A5E6-A0FC9ABF8EE8}"
EndProject
Global
	GlobalSection(SolutionConfigurationPlatforms) = preSolution
		Debug|Any CPU = Debug|Any CPU
		Release|Any CPU = Release|Any CPU
	EndGlobalSection
	GlobalSection(ProjectConfigurationPlatforms) = postSolution
		{C9197E26-D9C2-4850-A5E6-A0FC9ABF8EE8}.Debug|Any CPU.ActiveCfg = Debug|Any CPU
		{C9197E26-D9C2-4850-A5E6-A0FC9ABF8EE8}.Debug|Any CPU.Build.0 = Debug|Any CPU
		{C9197E26-D9C2-4850-A5E6-A0FC9ABF8EE8}.Release|Any CPU.ActiveCfg = Release|Any CPU
		{C9197E26-D9C2-4850-A5E6-A0FC9ABF8EE8}.Release|Any CPU.Build.0 = Release|Any CPU
	EndGlobalSection
	GlobalSection(SolutionProperties) = preSolution
		HideSolutionNode = FALSE
	EndGlobalSection
	GlobalSection(ExtensibilityGlobals) = postSolution
		SolutionGuid = {62C16F18-A965-46A0-9FD6-D93DAC3BD072}
	EndGlobalSection
EndGlobal
