
Microsoft Visual Studio Solution File, Format Version 12.00
# Visual Studio Version 16
VisualStudioVersion = 16.0.30611.23
MinimumVisualStudioVersion = 10.0.40219.1
Project("{FAE04EC0-301F-11D3-BF4B-00C04F79EFBC}") = "Lecture33_wpf", "Lecture33_wpf\Lecture33_wpf.csproj", "{9043559F-5F63-47F8-9971-2E5313C8A3EB}"
EndProject
Global
	GlobalSection(SolutionConfigurationPlatforms) = preSolution
		Debug|Any CPU = Debug|Any CPU
		Release|Any CPU = Release|Any CPU
	EndGlobalSection
	GlobalSection(ProjectConfigurationPlatforms) = postSolution
		{9043559F-5F63-47F8-9971-2E5313C8A3EB}.Debug|Any CPU.ActiveCfg = Debug|Any CPU
		{9043559F-5F63-47F8-9971-2E5313C8A3EB}.Debug|Any CPU.Build.0 = Debug|Any CPU
		{9043559F-5F63-47F8-9971-2E5313C8A3EB}.Release|Any CPU.ActiveCfg = Release|Any CPU
		{9043559F-5F63-47F8-9971-2E5313C8A3EB}.Release|Any CPU.Build.0 = Release|Any CPU
	EndGlobalSection
	GlobalSection(SolutionProperties) = preSolution
		HideSolutionNode = FALSE
	EndGlobalSection
	GlobalSection(ExtensibilityGlobals) = postSolution
		SolutionGuid = {ECA21C53-F5A8-4E6A-B772-0EE7B73C875D}
	EndGlobalSection
EndGlobal
