
Microsoft Visual Studio Solution File, Format Version 12.00
# Visual Studio Version 16
VisualStudioVersion = 16.0.30611.23
MinimumVisualStudioVersion = 10.0.40219.1
Project("{FAE04EC0-301F-11D3-BF4B-00C04F79EFBC}") = "Lecture37_wpf_Icommand", "Lecture37_wpf_Icommand\Lecture37_wpf_Icommand.csproj", "{160598B2-0951-4718-B135-4B87D78FA5FC}"
EndProject
Global
	GlobalSection(SolutionConfigurationPlatforms) = preSolution
		Debug|Any CPU = Debug|Any CPU
		Release|Any CPU = Release|Any CPU
	EndGlobalSection
	GlobalSection(ProjectConfigurationPlatforms) = postSolution
		{160598B2-0951-4718-B135-4B87D78FA5FC}.Debug|Any CPU.ActiveCfg = Debug|Any CPU
		{160598B2-0951-4718-B135-4B87D78FA5FC}.Debug|Any CPU.Build.0 = Debug|Any CPU
		{160598B2-0951-4718-B135-4B87D78FA5FC}.Release|Any CPU.ActiveCfg = Release|Any CPU
		{160598B2-0951-4718-B135-4B87D78FA5FC}.Release|Any CPU.Build.0 = Release|Any CPU
	EndGlobalSection
	GlobalSection(SolutionProperties) = preSolution
		HideSolutionNode = FALSE
	EndGlobalSection
	GlobalSection(ExtensibilityGlobals) = postSolution
		SolutionGuid = {DEC03D36-64B5-432C-AFC0-40F5C7A62C33}
	EndGlobalSection
EndGlobal
