
Microsoft Visual Studio Solution File, Format Version 12.00
# Visual Studio Version 16
VisualStudioVersion = 16.0.31112.23
MinimumVisualStudioVersion = 10.0.40219.1
Project("{FAE04EC0-301F-11D3-BF4B-00C04F79EFBC}") = "Lec65_LINQ", "Lec65_LINQ\Lec65_LINQ.csproj", "{204599BA-37BD-4B64-B41D-30B0F3407062}"
EndProject
Global
	GlobalSection(SolutionConfigurationPlatforms) = preSolution
		Debug|Any CPU = Debug|Any CPU
		Release|Any CPU = Release|Any CPU
	EndGlobalSection
	GlobalSection(ProjectConfigurationPlatforms) = postSolution
		{204599BA-37BD-4B64-B41D-30B0F3407062}.Debug|Any CPU.ActiveCfg = Debug|Any CPU
		{204599BA-37BD-4B64-B41D-30B0F3407062}.Debug|Any CPU.Build.0 = Debug|Any CPU
		{204599BA-37BD-4B64-B41D-30B0F3407062}.Release|Any CPU.ActiveCfg = Release|Any CPU
		{204599BA-37BD-4B64-B41D-30B0F3407062}.Release|Any CPU.Build.0 = Release|Any CPU
	EndGlobalSection
	GlobalSection(SolutionProperties) = preSolution
		HideSolutionNode = FALSE
	EndGlobalSection
	GlobalSection(ExtensibilityGlobals) = postSolution
		SolutionGuid = {2E01283C-6ABA-4828-A656-63E9055CC419}
	EndGlobalSection
EndGlobal
