
Microsoft Visual Studio Solution File, Format Version 12.00
# Visual Studio Version 16
VisualStudioVersion = 16.0.30611.23
MinimumVisualStudioVersion = 10.0.40219.1
Project("{FAE04EC0-301F-11D3-BF4B-00C04F79EFBC}") = "Lecture18", "Lecture18\Lecture18.csproj", "{996C998B-DB75-41E8-9C08-D12E464704AA}"
EndProject
Global
	GlobalSection(SolutionConfigurationPlatforms) = preSolution
		Debug|Any CPU = Debug|Any CPU
		Release|Any CPU = Release|Any CPU
	EndGlobalSection
	GlobalSection(ProjectConfigurationPlatforms) = postSolution
		{996C998B-DB75-41E8-9C08-D12E464704AA}.Debug|Any CPU.ActiveCfg = Debug|Any CPU
		{996C998B-DB75-41E8-9C08-D12E464704AA}.Debug|Any CPU.Build.0 = Debug|Any CPU
		{996C998B-DB75-41E8-9C08-D12E464704AA}.Release|Any CPU.ActiveCfg = Release|Any CPU
		{996C998B-DB75-41E8-9C08-D12E464704AA}.Release|Any CPU.Build.0 = Release|Any CPU
	EndGlobalSection
	GlobalSection(SolutionProperties) = preSolution
		HideSolutionNode = FALSE
	EndGlobalSection
	GlobalSection(ExtensibilityGlobals) = postSolution
		SolutionGuid = {738DD5DD-3581-4E0E-AD1E-4CB47F75D57A}
	EndGlobalSection
EndGlobal
