
Microsoft Visual Studio Solution File, Format Version 12.00
# Visual Studio Version 17
VisualStudioVersion = 17.8.34309.116
MinimumVisualStudioVersion = 10.0.40219.1
Project("{FAE04EC0-301F-11D3-BF4B-00C04F79EFBC}") = "Generic_repostory_mvc_example", "Generic_repostory_mvc_example.csproj", "{631D659C-E1BD-442E-8AC2-48D2EE133588}"
EndProject
Global
	GlobalSection(SolutionConfigurationPlatforms) = preSolution
		Debug|Any CPU = Debug|Any CPU
		Release|Any CPU = Release|Any CPU
	EndGlobalSection
	GlobalSection(ProjectConfigurationPlatforms) = postSolution
		{631D659C-E1BD-442E-8AC2-48D2EE133588}.Debug|Any CPU.ActiveCfg = Debug|Any CPU
		{631D659C-E1BD-442E-8AC2-48D2EE133588}.Debug|Any CPU.Build.0 = Debug|Any CPU
		{631D659C-E1BD-442E-8AC2-48D2EE133588}.Release|Any CPU.ActiveCfg = Release|Any CPU
		{631D659C-E1BD-442E-8AC2-48D2EE133588}.Release|Any CPU.Build.0 = Release|Any CPU
	EndGlobalSection
	GlobalSection(SolutionProperties) = preSolution
		HideSolutionNode = FALSE
	EndGlobalSection
	GlobalSection(ExtensibilityGlobals) = postSolution
		SolutionGuid = {9AE56BCD-53EF-4AAD-9099-7F12F80B35AD}
	EndGlobalSection
EndGlobal
