
Microsoft Visual Studio Solution File, Format Version 12.00
# Visual Studio Version 17
VisualStudioVersion = 17.2.32616.157
MinimumVisualStudioVersion = 10.0.40219.1
Project("{FAE04EC0-301F-11D3-BF4B-00C04F79EFBC}") = "MVC6DIExample", "MVC6DIExample\MVC6DIExample.csproj", "{FF4EC81F-3285-49DD-947D-4BB7F7A837F1}"
EndProject
Global
	GlobalSection(SolutionConfigurationPlatforms) = preSolution
		Debug|Any CPU = Debug|Any CPU
		Release|Any CPU = Release|Any CPU
	EndGlobalSection
	GlobalSection(ProjectConfigurationPlatforms) = postSolution
		{FF4EC81F-3285-49DD-947D-4BB7F7A837F1}.Debug|Any CPU.ActiveCfg = Debug|Any CPU
		{FF4EC81F-3285-49DD-947D-4BB7F7A837F1}.Debug|Any CPU.Build.0 = Debug|Any CPU
		{FF4EC81F-3285-49DD-947D-4BB7F7A837F1}.Release|Any CPU.ActiveCfg = Release|Any CPU
		{FF4EC81F-3285-49DD-947D-4BB7F7A837F1}.Release|Any CPU.Build.0 = Release|Any CPU
	EndGlobalSection
	GlobalSection(SolutionProperties) = preSolution
		HideSolutionNode = FALSE
	EndGlobalSection
	GlobalSection(ExtensibilityGlobals) = postSolution
		SolutionGuid = {48886F19-41CD-488B-B88F-22227382E5AE}
	EndGlobalSection
EndGlobal
