
Microsoft Visual Studio Solution File, Format Version 12.00
# Visual Studio Version 16
VisualStudioVersion = 16.0.31112.23
MinimumVisualStudioVersion = 10.0.40219.1
Project("{FAE04EC0-301F-11D3-BF4B-00C04F79EFBC}") = "SyncVsAsync_Lec60", "SyncVsAsync_Lec60\SyncVsAsync_Lec60.csproj", "{3CE85844-CE73-41C9-8342-AE1BD14AC706}"
EndProject
Global
	GlobalSection(SolutionConfigurationPlatforms) = preSolution
		Debug|Any CPU = Debug|Any CPU
		Release|Any CPU = Release|Any CPU
	EndGlobalSection
	GlobalSection(ProjectConfigurationPlatforms) = postSolution
		{3CE85844-CE73-41C9-8342-AE1BD14AC706}.Debug|Any CPU.ActiveCfg = Debug|Any CPU
		{3CE85844-CE73-41C9-8342-AE1BD14AC706}.Debug|Any CPU.Build.0 = Debug|Any CPU
		{3CE85844-CE73-41C9-8342-AE1BD14AC706}.Release|Any CPU.ActiveCfg = Release|Any CPU
		{3CE85844-CE73-41C9-8342-AE1BD14AC706}.Release|Any CPU.Build.0 = Release|Any CPU
	EndGlobalSection
	GlobalSection(SolutionProperties) = preSolution
		HideSolutionNode = FALSE
	EndGlobalSection
	GlobalSection(ExtensibilityGlobals) = postSolution
		SolutionGuid = {47B1EC98-4B59-400D-8F46-0CE55883DAD1}
	EndGlobalSection
EndGlobal
