
Microsoft Visual Studio Solution File, Format Version 12.00
# Visual Studio Version 16
VisualStudioVersion = 16.0.30611.23
MinimumVisualStudioVersion = 10.0.40219.1
Project("{FAE04EC0-301F-11D3-BF4B-00C04F79EFBC}") = "Lecture41_wpf_multiview_mvvm", "Lecture41_wpf_multiview_mvvm\Lecture41_wpf_multiview_mvvm.csproj", "{21047B97-531C-4F5C-A054-2C5375361DBB}"
EndProject
Global
	GlobalSection(SolutionConfigurationPlatforms) = preSolution
		Debug|Any CPU = Debug|Any CPU
		Release|Any CPU = Release|Any CPU
	EndGlobalSection
	GlobalSection(ProjectConfigurationPlatforms) = postSolution
		{21047B97-531C-4F5C-A054-2C5375361DBB}.Debug|Any CPU.ActiveCfg = Debug|Any CPU
		{21047B97-531C-4F5C-A054-2C5375361DBB}.Debug|Any CPU.Build.0 = Debug|Any CPU
		{21047B97-531C-4F5C-A054-2C5375361DBB}.Release|Any CPU.ActiveCfg = Release|Any CPU
		{21047B97-531C-4F5C-A054-2C5375361DBB}.Release|Any CPU.Build.0 = Release|Any CPU
	EndGlobalSection
	GlobalSection(SolutionProperties) = preSolution
		HideSolutionNode = FALSE
	EndGlobalSection
	GlobalSection(ExtensibilityGlobals) = postSolution
		SolutionGuid = {369D91C7-AC81-473C-AC4D-9E3DF0BA65E9}
	EndGlobalSection
EndGlobal
