
Microsoft Visual Studio Solution File, Format Version 12.00
# Visual Studio Version 16
VisualStudioVersion = 16.0.30611.23
MinimumVisualStudioVersion = 10.0.40219.1
Project("{FAE04EC0-301F-11D3-BF4B-00C04F79EFBC}") = "Lecture20", "Lecture20\Lecture20.csproj", "{9FB26352-3172-4209-96C6-A5F4219AFC89}"
EndProject
Global
	GlobalSection(SolutionConfigurationPlatforms) = preSolution
		Debug|Any CPU = Debug|Any CPU
		Release|Any CPU = Release|Any CPU
	EndGlobalSection
	GlobalSection(ProjectConfigurationPlatforms) = postSolution
		{9FB26352-3172-4209-96C6-A5F4219AFC89}.Debug|Any CPU.ActiveCfg = Debug|Any CPU
		{9FB26352-3172-4209-96C6-A5F4219AFC89}.Debug|Any CPU.Build.0 = Debug|Any CPU
		{9FB26352-3172-4209-96C6-A5F4219AFC89}.Release|Any CPU.ActiveCfg = Release|Any CPU
		{9FB26352-3172-4209-96C6-A5F4219AFC89}.Release|Any CPU.Build.0 = Release|Any CPU
	EndGlobalSection
	GlobalSection(SolutionProperties) = preSolution
		HideSolutionNode = FALSE
	EndGlobalSection
	GlobalSection(ExtensibilityGlobals) = postSolution
		SolutionGuid = {B994CAF4-B7F6-4EA9-A2A1-3977084ED3DB}
	EndGlobalSection
EndGlobal
