
Microsoft Visual Studio Solution File, Format Version 12.00
# Visual Studio Version 16
VisualStudioVersion = 16.0.30717.126
MinimumVisualStudioVersion = 10.0.40219.1
Project("{FAE04EC0-301F-11D3-BF4B-00C04F79EFBC}") = "Lecture44_web", "Lecture44_web\Lecture44_web.csproj", "{A42AEED4-3032-4190-AAB3-E03E9EE426AB}"
EndProject
Global
	GlobalSection(SolutionConfigurationPlatforms) = preSolution
		Debug|Any CPU = Debug|Any CPU
		Release|Any CPU = Release|Any CPU
	EndGlobalSection
	GlobalSection(ProjectConfigurationPlatforms) = postSolution
		{A42AEED4-3032-4190-AAB3-E03E9EE426AB}.Debug|Any CPU.ActiveCfg = Debug|Any CPU
		{A42AEED4-3032-4190-AAB3-E03E9EE426AB}.Debug|Any CPU.Build.0 = Debug|Any CPU
		{A42AEED4-3032-4190-AAB3-E03E9EE426AB}.Release|Any CPU.ActiveCfg = Release|Any CPU
		{A42AEED4-3032-4190-AAB3-E03E9EE426AB}.Release|Any CPU.Build.0 = Release|Any CPU
	EndGlobalSection
	GlobalSection(SolutionProperties) = preSolution
		HideSolutionNode = FALSE
	EndGlobalSection
	GlobalSection(ExtensibilityGlobals) = postSolution
		SolutionGuid = {F2E6BCC1-5431-4150-9CE5-02305659C16B}
	EndGlobalSection
EndGlobal
