
Microsoft Visual Studio Solution File, Format Version 12.00
# Visual Studio Version 16
VisualStudioVersion = 16.0.30413.136
MinimumVisualStudioVersion = 10.0.40219.1
Project("{FAE04EC0-301F-11D3-BF4B-00C04F79EFBC}") = "EAD_Lec5", "EAD_Lec5\EAD_Lec5.csproj", "{E7603EFF-5587-44B2-BE19-BEDB6AE2FD96}"
EndProject
Global
	GlobalSection(SolutionConfigurationPlatforms) = preSolution
		Debug|Any CPU = Debug|Any CPU
		Release|Any CPU = Release|Any CPU
	EndGlobalSection
	GlobalSection(ProjectConfigurationPlatforms) = postSolution
		{E7603EFF-5587-44B2-BE19-BEDB6AE2FD96}.Debug|Any CPU.ActiveCfg = Debug|Any CPU
		{E7603EFF-5587-44B2-BE19-BEDB6AE2FD96}.Debug|Any CPU.Build.0 = Debug|Any CPU
		{E7603EFF-5587-44B2-BE19-BEDB6AE2FD96}.Release|Any CPU.ActiveCfg = Release|Any CPU
		{E7603EFF-5587-44B2-BE19-BEDB6AE2FD96}.Release|Any CPU.Build.0 = Release|Any CPU
	EndGlobalSection
	GlobalSection(SolutionProperties) = preSolution
		HideSolutionNode = FALSE
	EndGlobalSection
	GlobalSection(ExtensibilityGlobals) = postSolution
		SolutionGuid = {5CD6CA68-76B5-4C16-A593-36648B57F282}
	EndGlobalSection
EndGlobal
