
Microsoft Visual Studio Solution File, Format Version 12.00
# Visual Studio Version 16
VisualStudioVersion = 16.0.30413.136
MinimumVisualStudioVersion = 10.0.40219.1
Project("{FAE04EC0-301F-11D3-BF4B-00C04F79EFBC}") = "Lecture13", "Lecture13\Lecture13.csproj", "{721FA644-CF77-40E8-8690-04CC9EA2185E}"
EndProject
Global
	GlobalSection(SolutionConfigurationPlatforms) = preSolution
		Debug|Any CPU = Debug|Any CPU
		Release|Any CPU = Release|Any CPU
	EndGlobalSection
	GlobalSection(ProjectConfigurationPlatforms) = postSolution
		{721FA644-CF77-40E8-8690-04CC9EA2185E}.Debug|Any CPU.ActiveCfg = Debug|Any CPU
		{721FA644-CF77-40E8-8690-04CC9EA2185E}.Debug|Any CPU.Build.0 = Debug|Any CPU
		{721FA644-CF77-40E8-8690-04CC9EA2185E}.Release|Any CPU.ActiveCfg = Release|Any CPU
		{721FA644-CF77-40E8-8690-04CC9EA2185E}.Release|Any CPU.Build.0 = Release|Any CPU
	EndGlobalSection
	GlobalSection(SolutionProperties) = preSolution
		HideSolutionNode = FALSE
	EndGlobalSection
	GlobalSection(ExtensibilityGlobals) = postSolution
		SolutionGuid = {60EE6C12-3D14-4DD8-9CB5-3AD03CBC81B8}
	EndGlobalSection
EndGlobal
