
Microsoft Visual Studio Solution File, Format Version 12.00
# Visual Studio Version 16
VisualStudioVersion = 16.0.30611.23
MinimumVisualStudioVersion = 10.0.40219.1
Project("{FAE04EC0-301F-11D3-BF4B-00C04F79EFBC}") = "Lecture30_wpf_databinding", "Lecture30_wpf_databinding\Lecture30_wpf_databinding.csproj", "{4482A4DA-908F-4015-86D1-4B61F70D48D5}"
EndProject
Global
	GlobalSection(SolutionConfigurationPlatforms) = preSolution
		Debug|Any CPU = Debug|Any CPU
		Release|Any CPU = Release|Any CPU
	EndGlobalSection
	GlobalSection(ProjectConfigurationPlatforms) = postSolution
		{4482A4DA-908F-4015-86D1-4B61F70D48D5}.Debug|Any CPU.ActiveCfg = Debug|Any CPU
		{4482A4DA-908F-4015-86D1-4B61F70D48D5}.Debug|Any CPU.Build.0 = Debug|Any CPU
		{4482A4DA-908F-4015-86D1-4B61F70D48D5}.Release|Any CPU.ActiveCfg = Release|Any CPU
		{4482A4DA-908F-4015-86D1-4B61F70D48D5}.Release|Any CPU.Build.0 = Release|Any CPU
	EndGlobalSection
	GlobalSection(SolutionProperties) = preSolution
		HideSolutionNode = FALSE
	EndGlobalSection
	GlobalSection(ExtensibilityGlobals) = postSolution
		SolutionGuid = {5A8640E8-6735-436D-9596-07A905C0757D}
	EndGlobalSection
EndGlobal
