
Microsoft Visual Studio Solution File, Format Version 12.00
# Visual Studio Version 16
VisualStudioVersion = 16.0.30523.141
MinimumVisualStudioVersion = 10.0.40219.1
Project("{FAE04EC0-301F-11D3-BF4B-00C04F79EFBC}") = "Lecture17_EMS", "Lecture17_EMS\Lecture17_EMS.csproj", "{67821ECD-C60C-4AA3-8032-94E7E292440D}"
EndProject
Project("{FAE04EC0-301F-11D3-BF4B-00C04F79EFBC}") = "EMS_DAL", "EMS_DAL\EMS_DAL.csproj", "{77986AA5-6A31-41EF-B6AE-0F91A1CB3E13}"
EndProject
Project("{FAE04EC0-301F-11D3-BF4B-00C04F79EFBC}") = "EMS_BLL", "EMS_BLL\EMS_BLL.csproj", "{9486034D-5A59-4670-BF23-3C742072D792}"
EndProject
Project("{FAE04EC0-301F-11D3-BF4B-00C04F79EFBC}") = "EMS_View", "EMS_View\EMS_View.csproj", "{8A71026B-FD41-445A-95D3-32EB4E3AFB06}"
EndProject
Project("{FAE04EC0-301F-11D3-BF4B-00C04F79EFBC}") = "EMS_BO", "EMS_BO\EMS_BO.csproj", "{E0DA30FD-32C8-4283-A771-BA76CA2930CF}"
EndProject
Global
	GlobalSection(SolutionConfigurationPlatforms) = preSolution
		Debug|Any CPU = Debug|Any CPU
		Release|Any CPU = Release|Any CPU
	EndGlobalSection
	GlobalSection(ProjectConfigurationPlatforms) = postSolution
		{67821ECD-C60C-4AA3-8032-94E7E292440D}.Debug|Any CPU.ActiveCfg = Debug|Any CPU
		{67821ECD-C60C-4AA3-8032-94E7E292440D}.Debug|Any CPU.Build.0 = Debug|Any CPU
		{67821ECD-C60C-4AA3-8032-94E7E292440D}.Release|Any CPU.ActiveCfg = Release|Any CPU
		{67821ECD-C60C-4AA3-8032-94E7E292440D}.Release|Any CPU.Build.0 = Release|Any CPU
		{77986AA5-6A31-41EF-B6AE-0F91A1CB3E13}.Debug|Any CPU.ActiveCfg = Debug|Any CPU
		{77986AA5-6A31-41EF-B6AE-0F91A1CB3E13}.Debug|Any CPU.Build.0 = Debug|Any CPU
		{77986AA5-6A31-41EF-B6AE-0F91A1CB3E13}.Release|Any CPU.ActiveCfg = Release|Any CPU
		{77986AA5-6A31-41EF-B6AE-0F91A1CB3E13}.Release|Any CPU.Build.0 = Release|Any CPU
		{9486034D-5A59-4670-BF23-3C742072D792}.Debug|Any CPU.ActiveCfg = Debug|Any CPU
		{9486034D-5A59-4670-BF23-3C742072D792}.Debug|Any CPU.Build.0 = Debug|Any CPU
		{9486034D-5A59-4670-BF23-3C742072D792}.Release|Any CPU.ActiveCfg = Release|Any CPU
		{9486034D-5A59-4670-BF23-3C742072D792}.Release|Any CPU.Build.0 = Release|Any CPU
		{8A71026B-FD41-445A-95D3-32EB4E3AFB06}.Debug|Any CPU.ActiveCfg = Debug|Any CPU
		{8A71026B-FD41-445A-95D3-32EB4E3AFB06}.Debug|Any CPU.Build.0 = Debug|Any CPU
		{8A71026B-FD41-445A-95D3-32EB4E3AFB06}.Release|Any CPU.ActiveCfg = Release|Any CPU
		{8A71026B-FD41-445A-95D3-32EB4E3AFB06}.Release|Any CPU.Build.0 = Release|Any CPU
		{E0DA30FD-32C8-4283-A771-BA76CA2930CF}.Debug|Any CPU.ActiveCfg = Debug|Any CPU
		{E0DA30FD-32C8-4283-A771-BA76CA2930CF}.Debug|Any CPU.Build.0 = Debug|Any CPU
		{E0DA30FD-32C8-4283-A771-BA76CA2930CF}.Release|Any CPU.ActiveCfg = Release|Any CPU
		{E0DA30FD-32C8-4283-A771-BA76CA2930CF}.Release|Any CPU.Build.0 = Release|Any CPU
	EndGlobalSection
	GlobalSection(SolutionProperties) = preSolution
		HideSolutionNode = FALSE
	EndGlobalSection
	GlobalSection(ExtensibilityGlobals) = postSolution
		SolutionGuid = {276E2F36-72FC-4682-BFC0-FB6BAED0A1D9}
	EndGlobalSection
EndGlobal
