
Microsoft Visual Studio Solution File, Format Version 12.00
# Visual Studio Version 17
VisualStudioVersion = 17.4.33122.133
MinimumVisualStudioVersion = 10.0.40219.1
Project("{FAE04EC0-301F-11D3-BF4B-00C04F79EFBC}") = "GrpcServiceExample", "GrpcServiceExample\GrpcServiceExample.csproj", "{A10001D4-D7DD-4B04-927A-61DBCBDABD7A}"
EndProject
Project("{FAE04EC0-301F-11D3-BF4B-00C04F79EFBC}") = "BookshopClient", "BookshopClient\BookshopClient.csproj", "{4822D7FD-3573-4A06-A26A-AB6BF53EBF6D}"
EndProject
Global
	GlobalSection(SolutionConfigurationPlatforms) = preSolution
		Debug|Any CPU = Debug|Any CPU
		Release|Any CPU = Release|Any CPU
	EndGlobalSection
	GlobalSection(ProjectConfigurationPlatforms) = postSolution
		{A10001D4-D7DD-4B04-927A-61DBCBDABD7A}.Debug|Any CPU.ActiveCfg = Debug|Any CPU
		{A10001D4-D7DD-4B04-927A-61DBCBDABD7A}.Debug|Any CPU.Build.0 = Debug|Any CPU
		{A10001D4-D7DD-4B04-927A-61DBCBDABD7A}.Release|Any CPU.ActiveCfg = Release|Any CPU
		{A10001D4-D7DD-4B04-927A-61DBCBDABD7A}.Release|Any CPU.Build.0 = Release|Any CPU
		{4822D7FD-3573-4A06-A26A-AB6BF53EBF6D}.Debug|Any CPU.ActiveCfg = Debug|Any CPU
		{4822D7FD-3573-4A06-A26A-AB6BF53EBF6D}.Debug|Any CPU.Build.0 = Debug|Any CPU
		{4822D7FD-3573-4A06-A26A-AB6BF53EBF6D}.Release|Any CPU.ActiveCfg = Release|Any CPU
		{4822D7FD-3573-4A06-A26A-AB6BF53EBF6D}.Release|Any CPU.Build.0 = Release|Any CPU
	EndGlobalSection
	GlobalSection(SolutionProperties) = preSolution
		HideSolutionNode = FALSE
	EndGlobalSection
	GlobalSection(ExtensibilityGlobals) = postSolution
		SolutionGuid = {D9CD9BDA-DECF-4411-AAD7-8F53352D56F8}
	EndGlobalSection
EndGlobal
