
Microsoft Visual Studio Solution File, Format Version 12.00
# Visual Studio Version 16
VisualStudioVersion = 16.0.30611.23
MinimumVisualStudioVersion = 10.0.40219.1
Project("{FAE04EC0-301F-11D3-BF4B-00C04F79EFBC}") = "Lecture24", "Lecture24\Lecture24.csproj", "{70F49021-B1DA-421A-BA9F-28036BB870AB}"
EndProject
Global
	GlobalSection(SolutionConfigurationPlatforms) = preSolution
		Debug|Any CPU = Debug|Any CPU
		Release|Any CPU = Release|Any CPU
	EndGlobalSection
	GlobalSection(ProjectConfigurationPlatforms) = postSolution
		{70F49021-B1DA-421A-BA9F-28036BB870AB}.Debug|Any CPU.ActiveCfg = Debug|Any CPU
		{70F49021-B1DA-421A-BA9F-28036BB870AB}.Debug|Any CPU.Build.0 = Debug|Any CPU
		{70F49021-B1DA-421A-BA9F-28036BB870AB}.Release|Any CPU.ActiveCfg = Release|Any CPU
		{70F49021-B1DA-421A-BA9F-28036BB870AB}.Release|Any CPU.Build.0 = Release|Any CPU
	EndGlobalSection
	GlobalSection(SolutionProperties) = preSolution
		HideSolutionNode = FALSE
	EndGlobalSection
	GlobalSection(ExtensibilityGlobals) = postSolution
		SolutionGuid = {DEE0770C-C0FB-4865-A7DD-C6CED7E10516}
	EndGlobalSection
EndGlobal
