
Microsoft Visual Studio Solution File, Format Version 12.00
# Visual Studio Version 16
VisualStudioVersion = 16.0.31112.23
MinimumVisualStudioVersion = 10.0.40219.1
Project("{FAE04EC0-301F-11D3-BF4B-00C04F79EFBC}") = "63_LINQ_Part2", "63_LINQ_Part2\63_LINQ_Part2.csproj", "{F113F40F-CB89-498B-B42B-36F5E2EFB249}"
EndProject
Global
	GlobalSection(SolutionConfigurationPlatforms) = preSolution
		Debug|Any CPU = Debug|Any CPU
		Release|Any CPU = Release|Any CPU
	EndGlobalSection
	GlobalSection(ProjectConfigurationPlatforms) = postSolution
		{F113F40F-CB89-498B-B42B-36F5E2EFB249}.Debug|Any CPU.ActiveCfg = Debug|Any CPU
		{F113F40F-CB89-498B-B42B-36F5E2EFB249}.Debug|Any CPU.Build.0 = Debug|Any CPU
		{F113F40F-CB89-498B-B42B-36F5E2EFB249}.Release|Any CPU.ActiveCfg = Release|Any CPU
		{F113F40F-CB89-498B-B42B-36F5E2EFB249}.Release|Any CPU.Build.0 = Release|Any CPU
	EndGlobalSection
	GlobalSection(SolutionProperties) = preSolution
		HideSolutionNode = FALSE
	EndGlobalSection
	GlobalSection(ExtensibilityGlobals) = postSolution
		SolutionGuid = {439CD814-885D-4BFA-8D3D-1567C66EA8D1}
	EndGlobalSection
EndGlobal
